
Microsoft Visual Studio Solution File, Format Version 12.00
# Visual Studio Version 16
VisualStudioVersion = 16.0.29709.97
MinimumVisualStudioVersion = 10.0.40219.1
Project("{9A19103F-16F7-4668-BE54-9A1E7A4F7556}") = "FutbolAPI.Web", "FutbolAPI.Web\FutbolAPI.Web.csproj", "{F6BC1662-A521-41D8-9AFE-EF0AA475D966}"
EndProject
Project("{9A19103F-16F7-4668-BE54-9A1E7A4F7556}") = "FutbolAPI.Business", "FutbolAPI.Business\FutbolAPI.Business.csproj", "{D06EE70C-8B03-4876-BFFE-BB2C6B490FC4}"
EndProject
Global
	GlobalSection(SolutionConfigurationPlatforms) = preSolution
		Debug|Any CPU = Debug|Any CPU
		Release|Any CPU = Release|Any CPU
	EndGlobalSection
	GlobalSection(ProjectConfigurationPlatforms) = postSolution
		{F6BC1662-A521-41D8-9AFE-EF0AA475D966}.Debug|Any CPU.ActiveCfg = Debug|Any CPU
		{F6BC1662-A521-41D8-9AFE-EF0AA475D966}.Debug|Any CPU.Build.0 = Debug|Any CPU
		{F6BC1662-A521-41D8-9AFE-EF0AA475D966}.Release|Any CPU.ActiveCfg = Release|Any CPU
		{F6BC1662-A521-41D8-9AFE-EF0AA475D966}.Release|Any CPU.Build.0 = Release|Any CPU
		{D06EE70C-8B03-4876-BFFE-BB2C6B490FC4}.Debug|Any CPU.ActiveCfg = Debug|Any CPU
		{D06EE70C-8B03-4876-BFFE-BB2C6B490FC4}.Debug|Any CPU.Build.0 = Debug|Any CPU
		{D06EE70C-8B03-4876-BFFE-BB2C6B490FC4}.Release|Any CPU.ActiveCfg = Release|Any CPU
		{D06EE70C-8B03-4876-BFFE-BB2C6B490FC4}.Release|Any CPU.Build.0 = Release|Any CPU
	EndGlobalSection
	GlobalSection(SolutionProperties) = preSolution
		HideSolutionNode = FALSE
	EndGlobalSection
	GlobalSection(ExtensibilityGlobals) = postSolution
		SolutionGuid = {FA074EEF-8211-4AD6-AA36-266E5746F515}
	EndGlobalSection
EndGlobal
